// !$*UTF8*$!
{
	archiveVersion = 1;
	classes = {
	};
	objectVersion = 77;
	objects = {

/* Begin PBXBuildFile section */
		83F38ABF2EF7BCDD0002623E /* Debug.xcconfig in Resources */ = {isa = PBXBuildFile; fileRef = 83F38ABE2EF7BCDD0002623E /* Debug.xcconfig */; };
		83F38AC02EF7BCDD0002623E /* Debug.xcconfig in Resources */ = {isa = PBXBuildFile; fileRef = 83F38ABE2EF7BCDD0002623E /* Debug.xcconfig */; };
		83F38AC12EF7BCDD0002623E /* Debug.xcconfig in Resources */ = {isa = PBXBuildFile; fileRef = 83F38ABE2EF7BCDD0002623E /* Debug.xcconfig */; };
		83F38AC52EF7BEE30002623E /* Release.xcconfig in Resources */ = {isa = PBXBuildFile; fileRef = 83F38AC42EF7BEE30002623E /* Release.xcconfig */; };
		83F38AC62EF7BEE30002623E /* Release.xcconfig in Resources */ = {isa = PBXBuildFile; fileRef = 83F38AC42EF7BEE30002623E /* Release.xcconfig */; };
		83F38AC72EF7BEE30002623E /* Release.xcconfig in Resources */ = {isa = PBXBuildFile; fileRef = 83F38AC42EF7BEE30002623E /* Release.xcconfig */; };
/* End PBXBuildFile section */

/* Begin PBXContainerItemProxy section */
		8307C24A2EEDD2AE00747A93 /* PBXContainerItemProxy */ = {
			isa = PBXContainerItemProxy;
			containerPortal = 8307C2342EEDD2AD00747A93 /* Project object */;
			proxyType = 1;
			remoteGlobalIDString = 8307C23B2EEDD2AD00747A93;
			remoteInfo = ScrobbleSync;
		};
		8307C2542EEDD2AE00747A93 /* PBXContainerItemProxy */ = {
			isa = PBXContainerItemProxy;
			containerPortal = 8307C2342EEDD2AD00747A93 /* Project object */;
			proxyType = 1;
			remoteGlobalIDString = 8307C23B2EEDD2AD00747A93;
			remoteInfo = ScrobbleSync;
		};
/* End PBXContainerItemProxy section */

/* Begin PBXFileReference section */
		8307C23C2EEDD2AD00747A93 /* ScrobbleSync.app */ = {isa = PBXFileReference; explicitFileType = wrapper.application; includeInIndex = 0; path = ScrobbleSync.app; sourceTree = BUILT_PRODUCTS_DIR; };
		8307C2492EEDD2AE00747A93 /* ScrobbleSyncTests.xctest */ = {isa = PBXFileReference; explicitFileType = wrapper.cfbundle; includeInIndex = 0; path = ScrobbleSyncTests.xctest; sourceTree = BUILT_PRODUCTS_DIR; };
		8307C2532EEDD2AE00747A93 /* ScrobbleSyncUITests.xctest */ = {isa = PBXFileReference; explicitFileType = wrapper.cfbundle; includeInIndex = 0; path = ScrobbleSyncUITests.xctest; sourceTree = BUILT_PRODUCTS_DIR; };
		83F38ABE2EF7BCDD0002623E /* Debug.xcconfig */ = {isa = PBXFileReference; lastKnownFileType = text.xcconfig; path = Debug.xcconfig; sourceTree = "<group>"; };
		83F38AC42EF7BEE30002623E /* Release.xcconfig */ = {isa = PBXFileReference; lastKnownFileType = text.xcconfig; path = Release.xcconfig; sourceTree = "<group>"; };
/* End PBXFileReference section */

/* Begin PBXFileSystemSynchronizedBuildFileExceptionSet section */
		83F38AC32EF7BE7C0002623E /* Exceptions for "ScrobbleSync" folder in "ScrobbleSync" target */ = {
			isa = PBXFileSystemSynchronizedBuildFileExceptionSet;
			membershipExceptions = (
				Info.plist,
			);
			target = 8307C23B2EEDD2AD00747A93 /* ScrobbleSync */;
		};
/* End PBXFileSystemSynchronizedBuildFileExceptionSet section */

/* Begin PBXFileSystemSynchronizedRootGroup section */
		8307C23E2EEDD2AD00747A93 /* ScrobbleSync */ = {
			isa = PBXFileSystemSynchronizedRootGroup;
			exceptions = (
				83F38AC32EF7BE7C0002623E /* Exceptions for "ScrobbleSync" folder in "ScrobbleSync" target */,
			);
			path = ScrobbleSync;
			sourceTree = "<group>";
		};
		8307C24C2EEDD2AE00747A93 /* ScrobbleSyncTests */ = {
			isa = PBXFileSystemSynchronizedRootGroup;
			path = ScrobbleSyncTests;
			sourceTree = "<group>";
		};
		8307C2562EEDD2AE00747A93 /* ScrobbleSyncUITests */ = {
			isa = PBXFileSystemSynchronizedRootGroup;
			path = ScrobbleSyncUITests;
			sourceTree = "<group>";
		};
/* End PBXFileSystemSynchronizedRootGroup section */

/* Begin PBXFrameworksBuildPhase section */
		8307C2392EEDD2AD00747A93 /* Frameworks */ = {
			isa = PBXFrameworksBuildPhase;
			buildActionMask = 2147483647;
			files = (
			);
			runOnlyForDeploymentPostprocessing = 0;
		};
		8307C2462EEDD2AE00747A93 /* Frameworks */ = {
			isa = PBXFrameworksBuildPhase;
			buildActionMask = 2147483647;
			files = (
			);
			runOnlyForDeploymentPostprocessing = 0;
		};
		8307C2502EEDD2AE00747A93 /* Frameworks */ = {
			isa = PBXFrameworksBuildPhase;
			buildActionMask = 2147483647;
			files = (
			);
			runOnlyForDeploymentPostprocessing = 0;
		};
/* End PBXFrameworksBuildPhase section */

/* Begin PBXGroup section */
		8307C2332EEDD2AD00747A93 = {
			isa = PBXGroup;
			children = (
				83F38ABE2EF7BCDD0002623E /* Debug.xcconfig */,
				83F38AC42EF7BEE30002623E /* Release.xcconfig */,
				8307C23E2EEDD2AD00747A93 /* ScrobbleSync */,
				8307C24C2EEDD2AE00747A93 /* ScrobbleSyncTests */,
				8307C2562EEDD2AE00747A93 /* ScrobbleSyncUITests */,
				8307C23D2EEDD2AD00747A93 /* Products */,
			);
			sourceTree = "<group>";
		};
		8307C23D2EEDD2AD00747A93 /* Products */ = {
			isa = PBXGroup;
			children = (
				8307C23C2EEDD2AD00747A93 /* ScrobbleSync.app */,
				8307C2492EEDD2AE00747A93 /* ScrobbleSyncTests.xctest */,
				8307C2532EEDD2AE00747A93 /* ScrobbleSyncUITests.xctest */,
			);
			name = Products;
			sourceTree = "<group>";
		};
/* End PBXGroup section */

/* Begin PBXNativeTarget section */
		8307C23B2EEDD2AD00747A93 /* ScrobbleSync */ = {
			isa = PBXNativeTarget;
			buildConfigurationList = 8307C25D2EEDD2AE00747A93 /* Build configuration list for PBXNativeTarget "ScrobbleSync" */;
			buildPhases = (
				8307C2382EEDD2AD00747A93 /* Sources */,
				8307C2392EEDD2AD00747A93 /* Frameworks */,
				8307C23A2EEDD2AD00747A93 /* Resources */,
			);
			buildRules = (
			);
			dependencies = (
			);
			fileSystemSynchronizedGroups = (
				8307C23E2EEDD2AD00747A93 /* ScrobbleSync */,
			);
			name = ScrobbleSync;
			packageProductDependencies = (
			);
			productName = ScrobbleSync;
			productReference = 8307C23C2EEDD2AD00747A93 /* ScrobbleSync.app */;
			productType = "com.apple.product-type.application";
		};
		8307C2482EEDD2AE00747A93 /* ScrobbleSyncTests */ = {
			isa = PBXNativeTarget;
			buildConfigurationList = 8307C2602EEDD2AE00747A93 /* Build configuration list for PBXNativeTarget "ScrobbleSyncTests" */;
			buildPhases = (
				8307C2452EEDD2AE00747A93 /* Sources */,
				8307C2462EEDD2AE00747A93 /* Frameworks */,
				8307C2472EEDD2AE00747A93 /* Resources */,
			);
			buildRules = (
			);
			dependencies = (
				8307C24B2EEDD2AE00747A93 /* PBXTargetDependency */,
			);
			fileSystemSynchronizedGroups = (
				8307C24C2EEDD2AE00747A93 /* ScrobbleSyncTests */,
			);
			name = ScrobbleSyncTests;
			packageProductDependencies = (
			);
			productName = ScrobbleSyncTests;
			productReference = 8307C2492EEDD2AE00747A93 /* ScrobbleSyncTests.xctest */;
			productType = "com.apple.product-type.bundle.unit-test";
		};
		8307C2522EEDD2AE00747A93 /* ScrobbleSyncUITests */ = {
			isa = PBXNativeTarget;
			buildConfigurationList = 8307C2632EEDD2AE00747A93 /* Build configuration list for PBXNativeTarget "ScrobbleSyncUITests" */;
			buildPhases = (
				8307C24F2EEDD2AE00747A93 /* Sources */,
				8307C2502EEDD2AE00747A93 /* Frameworks */,
				8307C2512EEDD2AE00747A93 /* Resources */,
			);
			buildRules = (
			);
			dependencies = (
				8307C2552EEDD2AE00747A93 /* PBXTargetDependency */,
			);
			fileSystemSynchronizedGroups = (
				8307C2562EEDD2AE00747A93 /* ScrobbleSyncUITests */,
			);
			name = ScrobbleSyncUITests;
			packageProductDependencies = (
			);
			productName = ScrobbleSyncUITests;
			productReference = 8307C2532EEDD2AE00747A93 /* ScrobbleSyncUITests.xctest */;
			productType = "com.apple.product-type.bundle.ui-testing";
		};
/* End PBXNativeTarget section */

/* Begin PBXProject section */
		8307C2342EEDD2AD00747A93 /* Project object */ = {
			isa = PBXProject;
			attributes = {
				BuildIndependentTargetsInParallel = 1;
				LastSwiftUpdateCheck = 2620;
				LastUpgradeCheck = 2620;
				TargetAttributes = {
					8307C23B2EEDD2AD00747A93 = {
						CreatedOnToolsVersion = 26.2;
					};
					8307C2482EEDD2AE00747A93 = {
						CreatedOnToolsVersion = 26.2;
						TestTargetID = 8307C23B2EEDD2AD00747A93;
					};
					8307C2522EEDD2AE00747A93 = {
						CreatedOnToolsVersion = 26.2;
						TestTargetID = 8307C23B2EEDD2AD00747A93;
					};
				};
			};
			buildConfigurationList = 8307C2372EEDD2AD00747A93 /* Build configuration list for PBXProject "ScrobbleSync" */;
			developmentRegion = en;
			hasScannedForEncodings = 0;
			knownRegions = (
				en,
				Base,
			);
			mainGroup = 8307C2332EEDD2AD00747A93;
			minimizedProjectReferenceProxies = 1;
			preferredProjectObjectVersion = 77;
			productRefGroup = 8307C23D2EEDD2AD00747A93 /* Products */;
			projectDirPath = "";
			projectRoot = "";
			targets = (
				8307C23B2EEDD2AD00747A93 /* ScrobbleSync */,
				8307C2482EEDD2AE00747A93 /* ScrobbleSyncTests */,
				8307C2522EEDD2AE00747A93 /* ScrobbleSyncUITests */,
			);
		};
/* End PBXProject section */

/* Begin PBXResourcesBuildPhase section */
		8307C23A2EEDD2AD00747A93 /* Resources */ = {
			isa = PBXResourcesBuildPhase;
			buildActionMask = 2147483647;
			files = (
				83F38ABF2EF7BCDD0002623E /* Debug.xcconfig in Resources */,
				83F38AC52EF7BEE30002623E /* Release.xcconfig in Resources */,
			);
			runOnlyForDeploymentPostprocessing = 0;
		};
		8307C2472EEDD2AE00747A93 /* Resources */ = {
			isa = PBXResourcesBuildPhase;
			buildActionMask = 2147483647;
			files = (
				83F38AC72EF7BEE30002623E /* Release.xcconfig in Resources */,
				83F38AC02EF7BCDD0002623E /* Debug.xcconfig in Resources */,
			);
			runOnlyForDeploymentPostprocessing = 0;
		};
		8307C2512EEDD2AE00747A93 /* Resources */ = {
			isa = PBXResourcesBuildPhase;
			buildActionMask = 2147483647;
			files = (
				83F38AC62EF7BEE30002623E /* Release.xcconfig in Resources */,
				83F38AC12EF7BCDD0002623E /* Debug.xcconfig in Resources */,
			);
			runOnlyForDeploymentPostprocessing = 0;
		};
/* End PBXResourcesBuildPhase section */

/* Begin PBXSourcesBuildPhase section */
		8307C2382EEDD2AD00747A93 /* Sources */ = {
			isa = PBXSourcesBuildPhase;
			buildActionMask = 2147483647;
			files = (
			);
			runOnlyForDeploymentPostprocessing = 0;
		};
		8307C2452EEDD2AE00747A93 /* Sources */ = {
			isa = PBXSourcesBuildPhase;
			buildActionMask = 2147483647;
			files = (
			);
			runOnlyForDeploymentPostprocessing = 0;
		};
		8307C24F2EEDD2AE00747A93 /* Sources */ = {
			isa = PBXSourcesBuildPhase;
			buildActionMask = 2147483647;
			files = (
			);
			runOnlyForDeploymentPostprocessing = 0;
		};
/* End PBXSourcesBuildPhase section */

/* Begin PBXTargetDependency section */
		8307C24B2EEDD2AE00747A93 /* PBXTargetDependency */ = {
			isa = PBXTargetDependency;
			target = 8307C23B2EEDD2AD00747A93 /* ScrobbleSync */;
			targetProxy = 8307C24A2EEDD2AE00747A93 /* PBXContainerItemProxy */;
		};
		8307C2552EEDD2AE00747A93 /* PBXTargetDependency */ = {
			isa = PBXTargetDependency;
			target = 8307C23B2EEDD2AD00747A93 /* ScrobbleSync */;
			targetProxy = 8307C2542EEDD2AE00747A93 /* PBXContainerItemProxy */;
		};
/* End PBXTargetDependency section */

/* Begin XCBuildConfiguration section */
		8307C25B2EEDD2AE00747A93 /* Debug */ = {
			isa = XCBuildConfiguration;
			baseConfigurationReference = 83F38ABE2EF7BCDD0002623E /* Debug.xcconfig */;
			buildSettings = {
				ALWAYS_SEARCH_USER_PATHS = NO;
				ASSETCATALOG_COMPILER_GENERATE_SWIFT_ASSET_SYMBOL_EXTENSIONS = YES;
				CLANG_ANALYZER_NONNULL = YES;
				CLANG_ANALYZER_NUMBER_OBJECT_CONVERSION = YES_AGGRESSIVE;
				CLANG_CXX_LANGUAGE_STANDARD = "gnu++20";
				CLANG_ENABLE_MODULES = YES;
				CLANG_ENABLE_OBJC_ARC = YES;
				CLANG_ENABLE_OBJC_WEAK = YES;
				CLANG_WARN_BLOCK_CAPTURE_AUTORELEASING = YES;
				CLANG_WARN_BOOL_CONVERSION = YES;
				CLANG_WARN_COMMA = YES;
				CLANG_WARN_CONSTANT_CONVERSION = YES;
				CLANG_WARN_DEPRECATED_OBJC_IMPLEMENTATIONS = YES;
				CLANG_WARN_DIRECT_OBJC_ISA_USAGE = YES_ERROR;
				CLANG_WARN_DOCUMENTATION_COMMENTS = YES;
				CLANG_WARN_EMPTY_BODY = YES;
				CLANG_WARN_ENUM_CONVERSION = YES;
				CLANG_WARN_INFINITE_RECURSION = YES;
				CLANG_WARN_INT_CONVERSION = YES;
				CLANG_WARN_NON_LITERAL_NULL_CONVERSION = YES;
				CLANG_WARN_OBJC_IMPLICIT_RETAIN_SELF = YES;
				CLANG_WARN_OBJC_LITERAL_CONVERSION = YES;
				CLANG_WARN_OBJC_ROOT_CLASS = YES_ERROR;
				CLANG_WARN_QUOTED_INCLUDE_IN_FRAMEWORK_HEADER = YES;
				CLANG_WARN_RANGE_LOOP_ANALYSIS = YES;
				CLANG_WARN_STRICT_PROTOTYPES = YES;
				CLANG_WARN_SUSPICIOUS_MOVE = YES;
				CLANG_WARN_UNGUARDED_AVAILABILITY = YES_AGGRESSIVE;
				CLANG_WARN_UNREACHABLE_CODE = YES;
				CLANG_WARN__DUPLICATE_METHOD_MATCH = YES;
				COPY_PHASE_STRIP = NO;
				DEBUG_INFORMATION_FORMAT = dwarf;
				DEVELOPMENT_TEAM = H2Q833KX49;
				ENABLE_STRICT_OBJC_MSGSEND = YES;
				ENABLE_TESTABILITY = YES;
				ENABLE_USER_SCRIPT_SANDBOXING = YES;
				GCC_C_LANGUAGE_STANDARD = gnu17;
				GCC_DYNAMIC_NO_PIC = NO;
				GCC_NO_COMMON_BLOCKS = YES;
				GCC_OPTIMIZATION_LEVEL = 0;
				GCC_PREPROCESSOR_DEFINITIONS = (
					"DEBUG=1",
					"$(inherited)",
				);
				GCC_WARN_64_TO_32_BIT_CONVERSION = YES;
				GCC_WARN_ABOUT_RETURN_TYPE = YES_ERROR;
				GCC_WARN_UNDECLARED_SELECTOR = YES;
				GCC_WARN_UNINITIALIZED_AUTOS = YES_AGGRESSIVE;
				GCC_WARN_UNUSED_FUNCTION = YES;
				GCC_WARN_UNUSED_VARIABLE = YES;
				IPHONEOS_DEPLOYMENT_TARGET = 26.2;
				LOCALIZATION_PREFERS_STRING_CATALOGS = YES;
				MTL_ENABLE_DEBUG_INFO = INCLUDE_SOURCE;
				MTL_FAST_MATH = YES;
				ONLY_ACTIVE_ARCH = YES;
				SDKROOT = iphoneos;
				SWIFT_ACTIVE_COMPILATION_CONDITIONS = "DEBUG $(inherited)";
				SWIFT_OPTIMIZATION_LEVEL = "-Onone";
			};
			name = Debug;
		};
		8307C25C2EEDD2AE00747A93 /* Release */ = {
			isa = XCBuildConfiguration;
			baseConfigurationReference = 83F38AC42EF7BEE30002623E /* Release.xcconfig */;
			buildSettings = {
				ALWAYS_SEARCH_USER_PATHS = NO;
				ASSETCATALOG_COMPILER_GENERATE_SWIFT_ASSET_SYMBOL_EXTENSIONS = YES;
				CLANG_ANALYZER_NONNULL = YES;
				CLANG_ANALYZER_NUMBER_OBJECT_CONVERSION = YES_AGGRESSIVE;
				CLANG_CXX_LANGUAGE_STANDARD = "gnu++20";
				CLANG_ENABLE_MODULES = YES;
				CLANG_ENABLE_OBJC_ARC = YES;
				CLANG_ENABLE_OBJC_WEAK = YES;
				CLANG_WARN_BLOCK_CAPTURE_AUTORELEASING = YES;
				CLANG_WARN_BOOL_CONVERSION = YES;
				CLANG_WARN_COMMA = YES;
				CLANG_WARN_CONSTANT_CONVERSION = YES;
				CLANG_WARN_DEPRECATED_OBJC_IMPLEMENTATIONS = YES;
				CLANG_WARN_DIRECT_OBJC_ISA_USAGE = YES_ERROR;
				CLANG_WARN_DOCUMENTATION_COMMENTS = YES;
				CLANG_WARN_EMPTY_BODY = YES;
				CLANG_WARN_ENUM_CONVERSION = YES;
				CLANG_WARN_INFINITE_RECURSION = YES;
				CLANG_WARN_INT_CONVERSION = YES;
				CLANG_WARN_NON_LITERAL_NULL_CONVERSION = YES;
				CLANG_WARN_OBJC_IMPLICIT_RETAIN_SELF = YES;
				CLANG_WARN_OBJC_LITERAL_CONVERSION = YES;
				CLANG_WARN_OBJC_ROOT_CLASS = YES_ERROR;
				CLANG_WARN_QUOTED_INCLUDE_IN_FRAMEWORK_HEADER = YES;
				CLANG_WARN_RANGE_LOOP_ANALYSIS = YES;
				CLANG_WARN_STRICT_PROTOTYPES = YES;
				CLANG_WARN_SUSPICIOUS_MOVE = YES;
				CLANG_WARN_UNGUARDED_AVAILABILITY = YES_AGGRESSIVE;
				CLANG_WARN_UNREACHABLE_CODE = YES;
				CLANG_WARN__DUPLICATE_METHOD_MATCH = YES;
				COPY_PHASE_STRIP = NO;
				DEBUG_INFORMATION_FORMAT = "dwarf-with-dsym";
				DEVELOPMENT_TEAM = H2Q833KX49;
				ENABLE_NS_ASSERTIONS = NO;
				ENABLE_STRICT_OBJC_MSGSEND = YES;
				ENABLE_USER_SCRIPT_SANDBOXING = YES;
				GCC_C_LANGUAGE_STANDARD = gnu17;
				GCC_NO_COMMON_BLOCKS = YES;
				GCC_WARN_64_TO_32_BIT_CONVERSION = YES;
				GCC_WARN_ABOUT_RETURN_TYPE = YES_ERROR;
				GCC_WARN_UNDECLARED_SELECTOR = YES;
				GCC_WARN_UNINITIALIZED_AUTOS = YES_AGGRESSIVE;
				GCC_WARN_UNUSED_FUNCTION = YES;
				GCC_WARN_UNUSED_VARIABLE = YES;
				IPHONEOS_DEPLOYMENT_TARGET = 26.2;
				LOCALIZATION_PREFERS_STRING_CATALOGS = YES;
				MTL_ENABLE_DEBUG_INFO = NO;
				MTL_FAST_MATH = YES;
				SDKROOT = iphoneos;
				SWIFT_COMPILATION_MODE = wholemodule;
				VALIDATE_PRODUCT = YES;
			};
			name = Release;
		};
		8307C25E2EEDD2AE00747A93 /* Debug */ = {
			isa = XCBuildConfiguration;
			baseConfigurationReference = 83F38ABE2EF7BCDD0002623E /* Debug.xcconfig */;
			buildSettings = {
				ASSETCATALOG_COMPILER_APPICON_NAME = AppIcon;
				ASSETCATALOG_COMPILER_GLOBAL_ACCENT_COLOR_NAME = AccentColor;
				CODE_SIGN_STYLE = Automatic;
				CURRENT_PROJECT_VERSION = 1;
				DEVELOPMENT_TEAM = H2Q833KX49;
				ENABLE_PREVIEWS = YES;
				GENERATE_INFOPLIST_FILE = YES;
				INFOPLIST_FILE = ScrobbleSync/Info.plist;
				INFOPLIST_KEY_NSAppleMusicUsageDescription = "ScrobbleSync needs access to Apple Music to push your scrobbles to your Last.fm account.";
				INFOPLIST_KEY_UIApplicationSceneManifest_Generation = YES;
				INFOPLIST_KEY_UIApplicationSupportsIndirectInputEvents = YES;
				INFOPLIST_KEY_UILaunchScreen_Generation = YES;
				INFOPLIST_KEY_UISupportedInterfaceOrientations_iPad = "UIInterfaceOrientationPortrait UIInterfaceOrientationPortraitUpsideDown UIInterfaceOrientationLandscapeLeft UIInterfaceOrientationLandscapeRight";
				INFOPLIST_KEY_UISupportedInterfaceOrientations_iPhone = "UIInterfaceOrientationPortrait UIInterfaceOrientationLandscapeLeft UIInterfaceOrientationLandscapeRight";
				IPHONEOS_DEPLOYMENT_TARGET = 26.0;
				LD_RUNPATH_SEARCH_PATHS = (
					"$(inherited)",
					"@executable_path/Frameworks",
				);
				MARKETING_VERSION = 1.0;
				PRODUCT_BUNDLE_IDENTIFIER = com.mattbolanos.ScrobbleSync;
				PRODUCT_NAME = "$(TARGET_NAME)";
				STRING_CATALOG_GENERATE_SYMBOLS = YES;
				SWIFT_APPROACHABLE_CONCURRENCY = YES;
				SWIFT_DEFAULT_ACTOR_ISOLATION = MainActor;
				SWIFT_EMIT_LOC_STRINGS = YES;
				SWIFT_UPCOMING_FEATURE_MEMBER_IMPORT_VISIBILITY = YES;
				SWIFT_VERSION = 5.0;
				TARGETED_DEVICE_FAMILY = "1,2";
			};
			name = Debug;
		};
		8307C25F2EEDD2AE00747A93 /* Release */ = {
			isa = XCBuildConfiguration;
			baseConfigurationReference = 83F38AC42EF7BEE30002623E /* Release.xcconfig */;
			buildSettings = {
				ASSETCATALOG_COMPILER_APPICON_NAME = AppIcon;
				ASSETCATALOG_COMPILER_GLOBAL_ACCENT_COLOR_NAME = AccentColor;
				CODE_SIGN_STYLE = Automatic;
				CURRENT_PROJECT_VERSION = 1;
				DEVELOPMENT_TEAM = H2Q833KX49;
				ENABLE_PREVIEWS = YES;
				GENERATE_INFOPLIST_FILE = YES;
				INFOPLIST_FILE = ScrobbleSync/Info.plist;
				INFOPLIST_KEY_NSAppleMusicUsageDescription = "ScrobbleSync needs access to Apple Music to push your scrobbles to your Last.fm account.";
				INFOPLIST_KEY_UIApplicationSceneManifest_Generation = YES;
				INFOPLIST_KEY_UIApplicationSupportsIndirectInputEvents = YES;
				INFOPLIST_KEY_UILaunchScreen_Generation = YES;
				INFOPLIST_KEY_UISupportedInterfaceOrientations_iPad = "UIInterfaceOrientationPortrait UIInterfaceOrientationPortraitUpsideDown UIInterfaceOrientationLandscapeLeft UIInterfaceOrientationLandscapeRight";
				INFOPLIST_KEY_UISupportedInterfaceOrientations_iPhone = "UIInterfaceOrientationPortrait UIInterfaceOrientationLandscapeLeft UIInterfaceOrientationLandscapeRight";
				IPHONEOS_DEPLOYMENT_TARGET = 26.0;
				LD_RUNPATH_SEARCH_PATHS = (
					"$(inherited)",
					"@executable_path/Frameworks",
				);
				MARKETING_VERSION = 1.0;
				PRODUCT_BUNDLE_IDENTIFIER = com.mattbolanos.ScrobbleSync;
				PRODUCT_NAME = "$(TARGET_NAME)";
				STRING_CATALOG_GENERATE_SYMBOLS = YES;
				SWIFT_APPROACHABLE_CONCURRENCY = YES;
				SWIFT_DEFAULT_ACTOR_ISOLATION = MainActor;
				SWIFT_EMIT_LOC_STRINGS = YES;
				SWIFT_UPCOMING_FEATURE_MEMBER_IMPORT_VISIBILITY = YES;
				SWIFT_VERSION = 5.0;
				TARGETED_DEVICE_FAMILY = "1,2";
			};
			name = Release;
		};
		8307C2612EEDD2AE00747A93 /* Debug */ = {
			isa = XCBuildConfiguration;
			baseConfigurationReference = 83F38ABE2EF7BCDD0002623E /* Debug.xcconfig */;
			buildSettings = {
				BUNDLE_LOADER = "$(TEST_HOST)";
				CODE_SIGN_STYLE = Automatic;
				CURRENT_PROJECT_VERSION = 1;
				DEVELOPMENT_TEAM = H2Q833KX49;
				GENERATE_INFOPLIST_FILE = YES;
				IPHONEOS_DEPLOYMENT_TARGET = 26.2;
				MARKETING_VERSION = 1.0;
				PRODUCT_BUNDLE_IDENTIFIER = com.mattbolanos.ScrobbleSyncTests;
				PRODUCT_NAME = "$(TARGET_NAME)";
				STRING_CATALOG_GENERATE_SYMBOLS = NO;
				SWIFT_APPROACHABLE_CONCURRENCY = YES;
				SWIFT_EMIT_LOC_STRINGS = NO;
				SWIFT_UPCOMING_FEATURE_MEMBER_IMPORT_VISIBILITY = YES;
				SWIFT_VERSION = 5.0;
				TARGETED_DEVICE_FAMILY = "1,2";
				TEST_HOST = "$(BUILT_PRODUCTS_DIR)/ScrobbleSync.app/$(BUNDLE_EXECUTABLE_FOLDER_PATH)/ScrobbleSync";
			};
			name = Debug;
		};
		8307C2622EEDD2AE00747A93 /* Release */ = {
			isa = XCBuildConfiguration;
			baseConfigurationReference = 83F38AC42EF7BEE30002623E /* Release.xcconfig */;
			buildSettings = {
				BUNDLE_LOADER = "$(TEST_HOST)";
				CODE_SIGN_STYLE = Automatic;
				CURRENT_PROJECT_VERSION = 1;
				DEVELOPMENT_TEAM = H2Q833KX49;
				GENERATE_INFOPLIST_FILE = YES;
				IPHONEOS_DEPLOYMENT_TARGET = 26.2;
				MARKETING_VERSION = 1.0;
				PRODUCT_BUNDLE_IDENTIFIER = com.mattbolanos.ScrobbleSyncTests;
				PRODUCT_NAME = "$(TARGET_NAME)";
				STRING_CATALOG_GENERATE_SYMBOLS = NO;
				SWIFT_APPROACHABLE_CONCURRENCY = YES;
				SWIFT_EMIT_LOC_STRINGS = NO;
				SWIFT_UPCOMING_FEATURE_MEMBER_IMPORT_VISIBILITY = YES;
				SWIFT_VERSION = 5.0;
				TARGETED_DEVICE_FAMILY = "1,2";
				TEST_HOST = "$(BUILT_PRODUCTS_DIR)/ScrobbleSync.app/$(BUNDLE_EXECUTABLE_FOLDER_PATH)/ScrobbleSync";
			};
			name = Release;
		};
		8307C2642EEDD2AE00747A93 /* Debug */ = {
			isa = XCBuildConfiguration;
			baseConfigurationReference = 83F38ABE2EF7BCDD0002623E /* Debug.xcconfig */;
			buildSettings = {
				CODE_SIGN_STYLE = Automatic;
				CURRENT_PROJECT_VERSION = 1;
				DEVELOPMENT_TEAM = H2Q833KX49;
				GENERATE_INFOPLIST_FILE = YES;
				MARKETING_VERSION = 1.0;
				PRODUCT_BUNDLE_IDENTIFIER = com.mattbolanos.ScrobbleSyncUITests;
				PRODUCT_NAME = "$(TARGET_NAME)";
				STRING_CATALOG_GENERATE_SYMBOLS = NO;
				SWIFT_APPROACHABLE_CONCURRENCY = YES;
				SWIFT_EMIT_LOC_STRINGS = NO;
				SWIFT_UPCOMING_FEATURE_MEMBER_IMPORT_VISIBILITY = YES;
				SWIFT_VERSION = 5.0;
				TARGETED_DEVICE_FAMILY = "1,2";
				TEST_TARGET_NAME = ScrobbleSync;
			};
			name = Debug;
		};
		8307C2652EEDD2AE00747A93 /* Release */ = {
			isa = XCBuildConfiguration;
			baseConfigurationReference = 83F38AC42EF7BEE30002623E /* Release.xcconfig */;
			buildSettings = {
				CODE_SIGN_STYLE = Automatic;
				CURRENT_PROJECT_VERSION = 1;
				DEVELOPMENT_TEAM = H2Q833KX49;
				GENERATE_INFOPLIST_FILE = YES;
				MARKETING_VERSION = 1.0;
				PRODUCT_BUNDLE_IDENTIFIER = com.mattbolanos.ScrobbleSyncUITests;
				PRODUCT_NAME = "$(TARGET_NAME)";
				STRING_CATALOG_GENERATE_SYMBOLS = NO;
				SWIFT_APPROACHABLE_CONCURRENCY = YES;
				SWIFT_EMIT_LOC_STRINGS = NO;
				SWIFT_UPCOMING_FEATURE_MEMBER_IMPORT_VISIBILITY = YES;
				SWIFT_VERSION = 5.0;
				TARGETED_DEVICE_FAMILY = "1,2";
				TEST_TARGET_NAME = ScrobbleSync;
			};
			name = Release;
		};
/* End XCBuildConfiguration section */

/* Begin XCConfigurationList section */
		8307C2372EEDD2AD00747A93 /* Build configuration list for PBXProject "ScrobbleSync" */ = {
			isa = XCConfigurationList;
			buildConfigurations = (
				8307C25B2EEDD2AE00747A93 /* Debug */,
				8307C25C2EEDD2AE00747A93 /* Release */,
			);
			defaultConfigurationIsVisible = 0;
			defaultConfigurationName = Release;
		};
		8307C25D2EEDD2AE00747A93 /* Build configuration list for PBXNativeTarget "ScrobbleSync" */ = {
			isa = XCConfigurationList;
			buildConfigurations = (
				8307C25E2EEDD2AE00747A93 /* Debug */,
				8307C25F2EEDD2AE00747A93 /* Release */,
			);
			defaultConfigurationIsVisible = 0;
			defaultConfigurationName = Release;
		};
		8307C2602EEDD2AE00747A93 /* Build configuration list for PBXNativeTarget "ScrobbleSyncTests" */ = {
			isa = XCConfigurationList;
			buildConfigurations = (
				8307C2612EEDD2AE00747A93 /* Debug */,
				8307C2622EEDD2AE00747A93 /* Release */,
			);
			defaultConfigurationIsVisible = 0;
			defaultConfigurationName = Release;
		};
		8307C2632EEDD2AE00747A93 /* Build configuration list for PBXNativeTarget "ScrobbleSyncUITests" */ = {
			isa = XCConfigurationList;
			buildConfigurations = (
				8307C2642EEDD2AE00747A93 /* Debug */,
				8307C2652EEDD2AE00747A93 /* Release */,
			);
			defaultConfigurationIsVisible = 0;
			defaultConfigurationName = Release;
		};
/* End XCConfigurationList section */
	};
	rootObject = 8307C2342EEDD2AD00747A93 /* Project object */;
}
